
Microsoft Visual Studio Solution File, Format Version 12.00
# Visual Studio 2013
VisualStudioVersion = 12.0.21005.1
MinimumVisualStudioVersion = 10.0.40219.1
Project("{8BC9CEB8-8B4A-11D0-8D11-00A0C91BC942}") = "ImplementstrStr", "ImplementstrStr\ImplementstrStr.vcxproj", "{16941FC1-5C46-4E0B-90E2-DDCC28CF5881}"
EndProject
Global
	GlobalSection(SolutionConfigurationPlatforms) = preSolution
		Debug|Win32 = Debug|Win32
		Release|Win32 = Release|Win32
	EndGlobalSection
	GlobalSection(ProjectConfigurationPlatforms) = postSolution
		{16941FC1-5C46-4E0B-90E2-DDCC28CF5881}.Debug|Win32.ActiveCfg = Debug|Win32
		{16941FC1-5C46-4E0B-90E2-DDCC28CF5881}.Debug|Win32.Build.0 = Debug|Win32
		{16941FC1-5C46-4E0B-90E2-DDCC28CF5881}.Release|Win32.ActiveCfg = Release|Win32
		{16941FC1-5C46-4E0B-90E2-DDCC28CF5881}.Release|Win32.Build.0 = Release|Win32
	EndGlobalSection
	GlobalSection(SolutionProperties) = preSolution
		HideSolutionNode = FALSE
	EndGlobalSection
EndGlobal
