
Microsoft Visual Studio Solution File, Format Version 12.00
# Visual Studio 2013
VisualStudioVersion = 12.0.21005.1
MinimumVisualStudioVersion = 10.0.40219.1
Project("{8BC9CEB8-8B4A-11D0-8D11-00A0C91BC942}") = "925.LongPressedName", "925.LongPressedName\925.LongPressedName.vcxproj", "{FE7E0EF4-18ED-489C-B99F-A5520FD0567D}"
EndProject
Global
	GlobalSection(SolutionConfigurationPlatforms) = preSolution
		Debug|Win32 = Debug|Win32
		Release|Win32 = Release|Win32
	EndGlobalSection
	GlobalSection(ProjectConfigurationPlatforms) = postSolution
		{FE7E0EF4-18ED-489C-B99F-A5520FD0567D}.Debug|Win32.ActiveCfg = Debug|Win32
		{FE7E0EF4-18ED-489C-B99F-A5520FD0567D}.Debug|Win32.Build.0 = Debug|Win32
		{FE7E0EF4-18ED-489C-B99F-A5520FD0567D}.Release|Win32.ActiveCfg = Release|Win32
		{FE7E0EF4-18ED-489C-B99F-A5520FD0567D}.Release|Win32.Build.0 = Release|Win32
	EndGlobalSection
	GlobalSection(SolutionProperties) = preSolution
		HideSolutionNode = FALSE
	EndGlobalSection
EndGlobal
