
Microsoft Visual Studio Solution File, Format Version 12.00
# Visual Studio 2013
VisualStudioVersion = 12.0.21005.1
MinimumVisualStudioVersion = 10.0.40219.1
Project("{8BC9CEB8-8B4A-11D0-8D11-00A0C91BC942}") = "344.ReverseString", "344.ReverseString\344.ReverseString.vcxproj", "{17C7F499-4FF8-4E34-A73C-77B95F6C369C}"
EndProject
Global
	GlobalSection(SolutionConfigurationPlatforms) = preSolution
		Debug|Win32 = Debug|Win32
		Release|Win32 = Release|Win32
	EndGlobalSection
	GlobalSection(ProjectConfigurationPlatforms) = postSolution
		{17C7F499-4FF8-4E34-A73C-77B95F6C369C}.Debug|Win32.ActiveCfg = Debug|Win32
		{17C7F499-4FF8-4E34-A73C-77B95F6C369C}.Debug|Win32.Build.0 = Debug|Win32
		{17C7F499-4FF8-4E34-A73C-77B95F6C369C}.Release|Win32.ActiveCfg = Release|Win32
		{17C7F499-4FF8-4E34-A73C-77B95F6C369C}.Release|Win32.Build.0 = Release|Win32
	EndGlobalSection
	GlobalSection(SolutionProperties) = preSolution
		HideSolutionNode = FALSE
	EndGlobalSection
EndGlobal
