
Microsoft Visual Studio Solution File, Format Version 12.00
# Visual Studio 2013
VisualStudioVersion = 12.0.21005.1
MinimumVisualStudioVersion = 10.0.40219.1
Project("{8BC9CEB8-8B4A-11D0-8D11-00A0C91BC942}") = "401.BinaryWatch", "401.BinaryWatch\401.BinaryWatch.vcxproj", "{E0043957-60AB-4D9E-A8FA-86894019D4EA}"
EndProject
Global
	GlobalSection(SolutionConfigurationPlatforms) = preSolution
		Debug|Win32 = Debug|Win32
		Release|Win32 = Release|Win32
	EndGlobalSection
	GlobalSection(ProjectConfigurationPlatforms) = postSolution
		{E0043957-60AB-4D9E-A8FA-86894019D4EA}.Debug|Win32.ActiveCfg = Debug|Win32
		{E0043957-60AB-4D9E-A8FA-86894019D4EA}.Debug|Win32.Build.0 = Debug|Win32
		{E0043957-60AB-4D9E-A8FA-86894019D4EA}.Release|Win32.ActiveCfg = Release|Win32
		{E0043957-60AB-4D9E-A8FA-86894019D4EA}.Release|Win32.Build.0 = Release|Win32
	EndGlobalSection
	GlobalSection(SolutionProperties) = preSolution
		HideSolutionNode = FALSE
	EndGlobalSection
EndGlobal
