
Microsoft Visual Studio Solution File, Format Version 12.00
# Visual Studio 2013
VisualStudioVersion = 12.0.21005.1
MinimumVisualStudioVersion = 10.0.40219.1
Project("{8BC9CEB8-8B4A-11D0-8D11-00A0C91BC942}") = "18.4Sum", "18.4Sum\18.4Sum.vcxproj", "{045DBF5C-C723-44C2-8288-95A3C1D63C5C}"
EndProject
Global
	GlobalSection(SolutionConfigurationPlatforms) = preSolution
		Debug|Win32 = Debug|Win32
		Release|Win32 = Release|Win32
	EndGlobalSection
	GlobalSection(ProjectConfigurationPlatforms) = postSolution
		{045DBF5C-C723-44C2-8288-95A3C1D63C5C}.Debug|Win32.ActiveCfg = Debug|Win32
		{045DBF5C-C723-44C2-8288-95A3C1D63C5C}.Debug|Win32.Build.0 = Debug|Win32
		{045DBF5C-C723-44C2-8288-95A3C1D63C5C}.Release|Win32.ActiveCfg = Release|Win32
		{045DBF5C-C723-44C2-8288-95A3C1D63C5C}.Release|Win32.Build.0 = Release|Win32
	EndGlobalSection
	GlobalSection(SolutionProperties) = preSolution
		HideSolutionNode = FALSE
	EndGlobalSection
EndGlobal
