
Microsoft Visual Studio Solution File, Format Version 12.00
# Visual Studio 2013
VisualStudioVersion = 12.0.21005.1
MinimumVisualStudioVersion = 10.0.40219.1
Project("{8BC9CEB8-8B4A-11D0-8D11-00A0C91BC942}") = "452.MinimumNumberofArrowstoBurstBalloons", "452.MinimumNumberofArrowstoBurstBalloons\452.MinimumNumberofArrowstoBurstBalloons.vcxproj", "{C58EB07C-6FD9-42AA-B0DD-67D5EE1DF8D6}"
EndProject
Global
	GlobalSection(SolutionConfigurationPlatforms) = preSolution
		Debug|Win32 = Debug|Win32
		Release|Win32 = Release|Win32
	EndGlobalSection
	GlobalSection(ProjectConfigurationPlatforms) = postSolution
		{C58EB07C-6FD9-42AA-B0DD-67D5EE1DF8D6}.Debug|Win32.ActiveCfg = Debug|Win32
		{C58EB07C-6FD9-42AA-B0DD-67D5EE1DF8D6}.Debug|Win32.Build.0 = Debug|Win32
		{C58EB07C-6FD9-42AA-B0DD-67D5EE1DF8D6}.Release|Win32.ActiveCfg = Release|Win32
		{C58EB07C-6FD9-42AA-B0DD-67D5EE1DF8D6}.Release|Win32.Build.0 = Release|Win32
	EndGlobalSection
	GlobalSection(SolutionProperties) = preSolution
		HideSolutionNode = FALSE
	EndGlobalSection
EndGlobal
